
Microsoft Visual Studio Solution File, Format Version 12.00
# Visual Studio Version 17
VisualStudioVersion = 17.1.32319.34
MinimumVisualStudioVersion = 10.0.40219.1
Project("{FAE04EC0-301F-11D3-BF4B-00C04F79EFBC}") = "MCSkinEditor.Server", "Server\MCSkinEditor.Server.csproj", "{77D5CC2A-C6F8-4C09-8610-A5BEC0DA321A}"
EndProject
Project("{FAE04EC0-301F-11D3-BF4B-00C04F79EFBC}") = "MCSkinEditor.Client", "Client\MCSkinEditor.Client.csproj", "{DFF98196-0C13-4919-B827-EA32B262DBF1}"
EndProject
Project("{FAE04EC0-301F-11D3-BF4B-00C04F79EFBC}") = "MCSkinEditor.Shared", "Shared\MCSkinEditor.Shared.csproj", "{FE802151-BBB4-4D9D-A9F6-5454DC4BCA8B}"
EndProject
Global
	GlobalSection(SolutionConfigurationPlatforms) = preSolution
		Debug|Any CPU = Debug|Any CPU
		Release|Any CPU = Release|Any CPU
	EndGlobalSection
	GlobalSection(ProjectConfigurationPlatforms) = postSolution
		{77D5CC2A-C6F8-4C09-8610-A5BEC0DA321A}.Debug|Any CPU.ActiveCfg = Debug|Any CPU
		{77D5CC2A-C6F8-4C09-8610-A5BEC0DA321A}.Debug|Any CPU.Build.0 = Debug|Any CPU
		{77D5CC2A-C6F8-4C09-8610-A5BEC0DA321A}.Release|Any CPU.ActiveCfg = Release|Any CPU
		{77D5CC2A-C6F8-4C09-8610-A5BEC0DA321A}.Release|Any CPU.Build.0 = Release|Any CPU
		{DFF98196-0C13-4919-B827-EA32B262DBF1}.Debug|Any CPU.ActiveCfg = Debug|Any CPU
		{DFF98196-0C13-4919-B827-EA32B262DBF1}.Debug|Any CPU.Build.0 = Debug|Any CPU
		{DFF98196-0C13-4919-B827-EA32B262DBF1}.Release|Any CPU.ActiveCfg = Release|Any CPU
		{DFF98196-0C13-4919-B827-EA32B262DBF1}.Release|Any CPU.Build.0 = Release|Any CPU
		{FE802151-BBB4-4D9D-A9F6-5454DC4BCA8B}.Debug|Any CPU.ActiveCfg = Debug|Any CPU
		{FE802151-BBB4-4D9D-A9F6-5454DC4BCA8B}.Debug|Any CPU.Build.0 = Debug|Any CPU
		{FE802151-BBB4-4D9D-A9F6-5454DC4BCA8B}.Release|Any CPU.ActiveCfg = Release|Any CPU
		{FE802151-BBB4-4D9D-A9F6-5454DC4BCA8B}.Release|Any CPU.Build.0 = Release|Any CPU
	EndGlobalSection
	GlobalSection(SolutionProperties) = preSolution
		HideSolutionNode = FALSE
	EndGlobalSection
	GlobalSection(ExtensibilityGlobals) = postSolution
		SolutionGuid = {61C8D7C0-724A-4294-853B-0E3783D2AF88}
	EndGlobalSection
EndGlobal
